
Microsoft Visual Studio Solution File, Format Version 12.00
# Visual Studio Version 16
VisualStudioVersion = 16.0.30907.101
MinimumVisualStudioVersion = 10.0.40219.1
Project("{FAE04EC0-301F-11D3-BF4B-00C04F79EFBC}") = "AzureFunctiom-timer", "AzureFunctiom-timer.csproj", "{86182284-D1F2-4E76-933C-1613542DCDDF}"
EndProject
Global
	GlobalSection(SolutionConfigurationPlatforms) = preSolution
		Debug|Any CPU = Debug|Any CPU
		Release|Any CPU = Release|Any CPU
	EndGlobalSection
	GlobalSection(ProjectConfigurationPlatforms) = postSolution
		{86182284-D1F2-4E76-933C-1613542DCDDF}.Debug|Any CPU.ActiveCfg = Debug|Any CPU
		{86182284-D1F2-4E76-933C-1613542DCDDF}.Debug|Any CPU.Build.0 = Debug|Any CPU
		{86182284-D1F2-4E76-933C-1613542DCDDF}.Release|Any CPU.ActiveCfg = Release|Any CPU
		{86182284-D1F2-4E76-933C-1613542DCDDF}.Release|Any CPU.Build.0 = Release|Any CPU
	EndGlobalSection
	GlobalSection(SolutionProperties) = preSolution
		HideSolutionNode = FALSE
	EndGlobalSection
	GlobalSection(ExtensibilityGlobals) = postSolution
		SolutionGuid = {2510EBB6-7B1C-4EB6-A36A-A1F3323F114E}
	EndGlobalSection
EndGlobal
